
Microsoft Visual Studio Solution File, Format Version 12.00
# Visual Studio Version 17
VisualStudioVersion = 17.14.37710.0 d17.14
MinimumVisualStudioVersion = 10.0.40219.1
Project("{FAE04EC0-301F-11D3-BF4B-00C04F79EFBC}") = "QuanLyKhachSan", "QuanLyKhachSan\QuanLyKhachSan.csproj", "{033C91E0-E0E9-48D7-AAB3-943B47200452}"
EndProject
Global
	GlobalSection(SolutionConfigurationPlatforms) = preSolution
		Debug|Any CPU = Debug|Any CPU
		Release|Any CPU = Release|Any CPU
	EndGlobalSection
	GlobalSection(ProjectConfigurationPlatforms) = postSolution
		{033C91E0-E0E9-48D7-AAB3-943B47200452}.Debug|Any CPU.ActiveCfg = Debug|Any CPU
		{033C91E0-E0E9-48D7-AAB3-943B47200452}.Debug|Any CPU.Build.0 = Debug|Any CPU
		{033C91E0-E0E9-48D7-AAB3-943B47200452}.Release|Any CPU.ActiveCfg = Release|Any CPU
		{033C91E0-E0E9-48D7-AAB3-943B47200452}.Release|Any CPU.Build.0 = Release|Any CPU
	EndGlobalSection
	GlobalSection(SolutionProperties) = preSolution
		HideSolutionNode = FALSE
	EndGlobalSection
	GlobalSection(ExtensibilityGlobals) = postSolution
		SolutionGuid = {A0F2E86A-E92F-4CA2-8127-864CEC8C66FD}
	EndGlobalSection
EndGlobal
